
Microsoft Visual Studio Solution File, Format Version 12.00
# Visual Studio Version 16
VisualStudioVersion = 16.0.31205.134
MinimumVisualStudioVersion = 10.0.40219.1
Project("{FAE04EC0-301F-11D3-BF4B-00C04F79EFBC}") = "sistemaGovernanca", "sistemaGovernanca\sistemaGovernanca.csproj", "{9411CC4C-1522-4675-ACB2-600317A4C31B}"
EndProject
Global
	GlobalSection(SolutionConfigurationPlatforms) = preSolution
		Debug|Any CPU = Debug|Any CPU
		Release|Any CPU = Release|Any CPU
	EndGlobalSection
	GlobalSection(ProjectConfigurationPlatforms) = postSolution
		{9411CC4C-1522-4675-ACB2-600317A4C31B}.Debug|Any CPU.ActiveCfg = Debug|Any CPU
		{9411CC4C-1522-4675-ACB2-600317A4C31B}.Debug|Any CPU.Build.0 = Debug|Any CPU
		{9411CC4C-1522-4675-ACB2-600317A4C31B}.Release|Any CPU.ActiveCfg = Release|Any CPU
		{9411CC4C-1522-4675-ACB2-600317A4C31B}.Release|Any CPU.Build.0 = Release|Any CPU
	EndGlobalSection
	GlobalSection(SolutionProperties) = preSolution
		HideSolutionNode = FALSE
	EndGlobalSection
	GlobalSection(ExtensibilityGlobals) = postSolution
		SolutionGuid = {28CB5FF5-AEDE-4051-8413-F6983F766FF5}
	EndGlobalSection
EndGlobal
